# generated by rye
# use `rye lock` or `rye sync` to update this lockfile
#
# last locked with the following flags:
#   pre: false
#   features: []
#   all-features: false
#   with-sources: false

-e file:.
aiohttp==3.9.5
    # via salt
aiosignal==1.3.1
    # via aiohttp
asttokens==2.4.1
    # via stack-data
attrs==23.2.0
    # via aiohttp
    # via pytest-salt-factories
    # via pytest-shell-utilities
    # via pytest-skip-markers
    # via pytest-system-statistics
autocommand==2.2.2
    # via jaraco-text
basedpyright==1.10.4
certifi==2024.2.2
    # via requests
cffi==1.16.0
    # via cryptography
charset-normalizer==3.3.2
    # via requests
cheroot==10.0.1
    # via cherrypy
cherrypy==18.9.0
    # via salt
contextvars==2.4
    # via salt
cryptography==42.0.5
    # via pyopenssl
    # via salt
decorator==5.1.1
    # via ipython
distlib==0.3.8
    # via virtualenv
distro==1.9.0
    # via pytest-skip-markers
    # via salt
executing==2.0.1
    # via stack-data
filelock==3.13.4
    # via virtualenv
frozenlist==1.4.1
    # via aiohttp
    # via aiosignal
idna==3.7
    # via requests
    # via yarl
immutables==0.20
    # via contextvars
importlib-metadata==7.1.0
    # via salt
inflect==7.2.1
    # via jaraco-text
iniconfig==2.0.0
    # via pytest
ipython==8.23.0
jaraco-collections==5.0.1
    # via cherrypy
jaraco-context==5.3.0
    # via jaraco-text
jaraco-functools==4.0.1
    # via cheroot
    # via jaraco-text
    # via tempora
jaraco-text==3.12.0
    # via jaraco-collections
jedi==0.19.1
    # via ipython
jinja2==3.1.3
    # via salt
jmespath==1.0.1
    # via salt
looseversion==1.3.0
    # via salt
markupsafe==2.1.5
    # via jinja2
    # via salt
matplotlib-inline==0.1.7
    # via ipython
more-itertools==10.2.0
    # via cheroot
    # via cherrypy
    # via inflect
    # via jaraco-functools
    # via jaraco-text
msgpack==1.0.8
    # via pytest-salt-factories
    # via salt
multidict==6.0.5
    # via aiohttp
    # via yarl
nodejs-bin==18.4.0a4
    # via basedpyright
packaging==24.0
    # via pytest
    # via salt
parso==0.8.4
    # via jedi
pexpect==4.9.0
    # via ipython
platformdirs==4.2.1
    # via virtualenv
pluggy==1.5.0
    # via pytest
portend==3.2.0
    # via cherrypy
prompt-toolkit==3.0.43
    # via ipython
psutil==5.9.8
    # via pytest-salt-factories
    # via pytest-shell-utilities
    # via pytest-system-statistics
    # via salt
ptyprocess==0.7.0
    # via pexpect
pure-eval==0.2.2
    # via stack-data
pycparser==2.22
    # via cffi
pycryptodomex==3.20.0
    # via salt
pygments==2.17.2
    # via ipython
pyopenssl==24.1.0
    # via salt
pyrage==1.1.2
    # via saltstack-age
pytest==8.1.2
    # via pytest-helpers-namespace
    # via pytest-salt-factories
    # via pytest-shell-utilities
    # via pytest-skip-markers
    # via pytest-system-statistics
pytest-helpers-namespace==2021.12.29
    # via pytest-salt-factories
    # via pytest-shell-utilities
pytest-salt-factories==1.0.1
pytest-shell-utilities==1.9.0
    # via pytest-salt-factories
pytest-skip-markers==1.5.1
    # via pytest-salt-factories
    # via pytest-shell-utilities
    # via pytest-system-statistics
pytest-system-statistics==1.0.2
    # via pytest-salt-factories
python-dateutil==2.9.0.post0
    # via salt
python-gnupg==0.5.2
    # via salt
pytz==2024.1
    # via tempora
pyyaml==6.0.1
    # via pytest-salt-factories
    # via salt
pyzmq==26.0.2
    # via pytest-salt-factories
    # via salt
requests==2.31.0
    # via salt
rpm-vercmp==0.1.2
    # via salt
ruff==0.4.2
salt==3007.0
setproctitle==1.3.3
    # via salt
setuptools==69.5.1
    # via zc-lockfile
six==1.16.0
    # via asttokens
    # via python-dateutil
stack-data==0.6.3
    # via ipython
tempora==5.5.1
    # via portend
timelib==0.3.0
    # via salt
tornado==6.4
    # via salt
traitlets==5.14.3
    # via ipython
    # via matplotlib-inline
typeguard==4.2.1
    # via inflect
typing-extensions==4.11.0
    # via inflect
    # via pytest-system-statistics
    # via typeguard
urllib3==2.2.1
    # via requests
virtualenv==20.26.0
    # via pytest-salt-factories
wcwidth==0.2.13
    # via prompt-toolkit
yarl==1.9.4
    # via aiohttp
zc-lockfile==3.0.post1
    # via cherrypy
zipp==3.18.1
    # via importlib-metadata
